
Microsoft Visual Studio Solution File, Format Version 12.00
# Visual Studio 15
VisualStudioVersion = 15.0.26124.0
MinimumVisualStudioVersion = 15.0.26124.0
Project("{2150E333-8FDC-42A3-9474-1A3956D46DE8}") = "src", "src", "{9061EDA9-50B2-4FE5-9B7F-F9933A19947E}"
EndProject
Project("{FAE04EC0-301F-11D3-BF4B-00C04F79EFBC}") = "GradeBook", "src\GradeBook\GradeBook.csproj", "{744DFFA5-A847-4998-99D2-D09E8ADE7846}"
EndProject
Project("{2150E333-8FDC-42A3-9474-1A3956D46DE8}") = "test", "test", "{6C7CA941-EA39-4FCF-B810-840B3C7ECFAF}"
EndProject
Project("{FAE04EC0-301F-11D3-BF4B-00C04F79EFBC}") = "GradeBook.Tests", "test\GradeBook.Tests\GradeBook.Tests.csproj", "{CF73FA4F-3963-489C-AF69-484B384DB08D}"
EndProject
Global
	GlobalSection(SolutionConfigurationPlatforms) = preSolution
		Debug|Any CPU = Debug|Any CPU
		Debug|x64 = Debug|x64
		Debug|x86 = Debug|x86
		Release|Any CPU = Release|Any CPU
		Release|x64 = Release|x64
		Release|x86 = Release|x86
	EndGlobalSection
	GlobalSection(SolutionProperties) = preSolution
		HideSolutionNode = FALSE
	EndGlobalSection
	GlobalSection(ProjectConfigurationPlatforms) = postSolution
		{744DFFA5-A847-4998-99D2-D09E8ADE7846}.Debug|Any CPU.ActiveCfg = Debug|Any CPU
		{744DFFA5-A847-4998-99D2-D09E8ADE7846}.Debug|Any CPU.Build.0 = Debug|Any CPU
		{744DFFA5-A847-4998-99D2-D09E8ADE7846}.Debug|x64.ActiveCfg = Debug|Any CPU
		{744DFFA5-A847-4998-99D2-D09E8ADE7846}.Debug|x64.Build.0 = Debug|Any CPU
		{744DFFA5-A847-4998-99D2-D09E8ADE7846}.Debug|x86.ActiveCfg = Debug|Any CPU
		{744DFFA5-A847-4998-99D2-D09E8ADE7846}.Debug|x86.Build.0 = Debug|Any CPU
		{744DFFA5-A847-4998-99D2-D09E8ADE7846}.Release|Any CPU.ActiveCfg = Release|Any CPU
		{744DFFA5-A847-4998-99D2-D09E8ADE7846}.Release|Any CPU.Build.0 = Release|Any CPU
		{744DFFA5-A847-4998-99D2-D09E8ADE7846}.Release|x64.ActiveCfg = Release|Any CPU
		{744DFFA5-A847-4998-99D2-D09E8ADE7846}.Release|x64.Build.0 = Release|Any CPU
		{744DFFA5-A847-4998-99D2-D09E8ADE7846}.Release|x86.ActiveCfg = Release|Any CPU
		{744DFFA5-A847-4998-99D2-D09E8ADE7846}.Release|x86.Build.0 = Release|Any CPU
		{CF73FA4F-3963-489C-AF69-484B384DB08D}.Debug|Any CPU.ActiveCfg = Debug|Any CPU
		{CF73FA4F-3963-489C-AF69-484B384DB08D}.Debug|Any CPU.Build.0 = Debug|Any CPU
		{CF73FA4F-3963-489C-AF69-484B384DB08D}.Debug|x64.ActiveCfg = Debug|Any CPU
		{CF73FA4F-3963-489C-AF69-484B384DB08D}.Debug|x64.Build.0 = Debug|Any CPU
		{CF73FA4F-3963-489C-AF69-484B384DB08D}.Debug|x86.ActiveCfg = Debug|Any CPU
		{CF73FA4F-3963-489C-AF69-484B384DB08D}.Debug|x86.Build.0 = Debug|Any CPU
		{CF73FA4F-3963-489C-AF69-484B384DB08D}.Release|Any CPU.ActiveCfg = Release|Any CPU
		{CF73FA4F-3963-489C-AF69-484B384DB08D}.Release|Any CPU.Build.0 = Release|Any CPU
		{CF73FA4F-3963-489C-AF69-484B384DB08D}.Release|x64.ActiveCfg = Release|Any CPU
		{CF73FA4F-3963-489C-AF69-484B384DB08D}.Release|x64.Build.0 = Release|Any CPU
		{CF73FA4F-3963-489C-AF69-484B384DB08D}.Release|x86.ActiveCfg = Release|Any CPU
		{CF73FA4F-3963-489C-AF69-484B384DB08D}.Release|x86.Build.0 = Release|Any CPU
	EndGlobalSection
	GlobalSection(NestedProjects) = preSolution
		{744DFFA5-A847-4998-99D2-D09E8ADE7846} = {9061EDA9-50B2-4FE5-9B7F-F9933A19947E}
		{CF73FA4F-3963-489C-AF69-484B384DB08D} = {6C7CA941-EA39-4FCF-B810-840B3C7ECFAF}
	EndGlobalSection
EndGlobal
